
Microsoft Visual Studio Solution File, Format Version 12.00
# Visual Studio Version 17
VisualStudioVersion = 17.11.35327.3
MinimumVisualStudioVersion = 10.0.40219.1
Project("{9A19103F-16F7-4668-BE54-9A1E7A4F7556}") = "Variables", "Variables\Variables.csproj", "{A8FCE409-53E0-412D-BF0B-37A18B17063B}"
EndProject
Project("{9A19103F-16F7-4668-BE54-9A1E7A4F7556}") = "TipoDeDatos", "TipoDeDatos\TipoDeDatos.csproj", "{8D71AEDF-2C9E-4311-B4D0-ABACC47B0064}"
EndProject
Project("{9A19103F-16F7-4668-BE54-9A1E7A4F7556}") = "Funciones", "Funciones\Funciones.csproj", "{FFFD2DC2-A386-49BA-81C4-58F218A8FB92}"
EndProject
Project("{FAE04EC0-301F-11D3-BF4B-00C04F79EFBC}") = "EstructurasControl", "EstructurasControl\EstructurasControl.csproj", "{D185A355-D864-4190-8BD4-3F07ABA25B3E}"
EndProject
Project("{FAE04EC0-301F-11D3-BF4B-00C04F79EFBC}") = "Arreglos", "Arreglos\Arreglos.csproj", "{3DEBBDBE-7EAE-42F7-BBC7-56E568209F0F}"
EndProject
Project("{FAE04EC0-301F-11D3-BF4B-00C04F79EFBC}") = "WhileDoWhile", "WhileDoWhile\WhileDoWhile.csproj", "{CC64F5AA-CECC-4F23-B80D-979809A6AE4C}"
EndProject
Project("{FAE04EC0-301F-11D3-BF4B-00C04F79EFBC}") = "For", "For\For.csproj", "{0C8FB6BD-3FA0-4BF1-8798-CE70150B6C2D}"
EndProject
Project("{FAE04EC0-301F-11D3-BF4B-00C04F79EFBC}") = "POO", "POO\POO.csproj", "{8AC43307-B85E-46EB-9C05-2E838C3443ED}"
EndProject
Global
	GlobalSection(SolutionConfigurationPlatforms) = preSolution
		Debug|Any CPU = Debug|Any CPU
		Release|Any CPU = Release|Any CPU
	EndGlobalSection
	GlobalSection(ProjectConfigurationPlatforms) = postSolution
		{A8FCE409-53E0-412D-BF0B-37A18B17063B}.Debug|Any CPU.ActiveCfg = Debug|Any CPU
		{A8FCE409-53E0-412D-BF0B-37A18B17063B}.Debug|Any CPU.Build.0 = Debug|Any CPU
		{A8FCE409-53E0-412D-BF0B-37A18B17063B}.Release|Any CPU.ActiveCfg = Release|Any CPU
		{A8FCE409-53E0-412D-BF0B-37A18B17063B}.Release|Any CPU.Build.0 = Release|Any CPU
		{8D71AEDF-2C9E-4311-B4D0-ABACC47B0064}.Debug|Any CPU.ActiveCfg = Debug|Any CPU
		{8D71AEDF-2C9E-4311-B4D0-ABACC47B0064}.Debug|Any CPU.Build.0 = Debug|Any CPU
		{8D71AEDF-2C9E-4311-B4D0-ABACC47B0064}.Release|Any CPU.ActiveCfg = Release|Any CPU
		{8D71AEDF-2C9E-4311-B4D0-ABACC47B0064}.Release|Any CPU.Build.0 = Release|Any CPU
		{FFFD2DC2-A386-49BA-81C4-58F218A8FB92}.Debug|Any CPU.ActiveCfg = Debug|Any CPU
		{FFFD2DC2-A386-49BA-81C4-58F218A8FB92}.Debug|Any CPU.Build.0 = Debug|Any CPU
		{FFFD2DC2-A386-49BA-81C4-58F218A8FB92}.Release|Any CPU.ActiveCfg = Release|Any CPU
		{FFFD2DC2-A386-49BA-81C4-58F218A8FB92}.Release|Any CPU.Build.0 = Release|Any CPU
		{D185A355-D864-4190-8BD4-3F07ABA25B3E}.Debug|Any CPU.ActiveCfg = Debug|Any CPU
		{D185A355-D864-4190-8BD4-3F07ABA25B3E}.Debug|Any CPU.Build.0 = Debug|Any CPU
		{D185A355-D864-4190-8BD4-3F07ABA25B3E}.Release|Any CPU.ActiveCfg = Release|Any CPU
		{D185A355-D864-4190-8BD4-3F07ABA25B3E}.Release|Any CPU.Build.0 = Release|Any CPU
		{3DEBBDBE-7EAE-42F7-BBC7-56E568209F0F}.Debug|Any CPU.ActiveCfg = Debug|Any CPU
		{3DEBBDBE-7EAE-42F7-BBC7-56E568209F0F}.Debug|Any CPU.Build.0 = Debug|Any CPU
		{3DEBBDBE-7EAE-42F7-BBC7-56E568209F0F}.Release|Any CPU.ActiveCfg = Release|Any CPU
		{3DEBBDBE-7EAE-42F7-BBC7-56E568209F0F}.Release|Any CPU.Build.0 = Release|Any CPU
		{CC64F5AA-CECC-4F23-B80D-979809A6AE4C}.Debug|Any CPU.ActiveCfg = Debug|Any CPU
		{CC64F5AA-CECC-4F23-B80D-979809A6AE4C}.Debug|Any CPU.Build.0 = Debug|Any CPU
		{CC64F5AA-CECC-4F23-B80D-979809A6AE4C}.Release|Any CPU.ActiveCfg = Release|Any CPU
		{CC64F5AA-CECC-4F23-B80D-979809A6AE4C}.Release|Any CPU.Build.0 = Release|Any CPU
		{0C8FB6BD-3FA0-4BF1-8798-CE70150B6C2D}.Debug|Any CPU.ActiveCfg = Debug|Any CPU
		{0C8FB6BD-3FA0-4BF1-8798-CE70150B6C2D}.Debug|Any CPU.Build.0 = Debug|Any CPU
		{0C8FB6BD-3FA0-4BF1-8798-CE70150B6C2D}.Release|Any CPU.ActiveCfg = Release|Any CPU
		{0C8FB6BD-3FA0-4BF1-8798-CE70150B6C2D}.Release|Any CPU.Build.0 = Release|Any CPU
		{8AC43307-B85E-46EB-9C05-2E838C3443ED}.Debug|Any CPU.ActiveCfg = Debug|Any CPU
		{8AC43307-B85E-46EB-9C05-2E838C3443ED}.Debug|Any CPU.Build.0 = Debug|Any CPU
		{8AC43307-B85E-46EB-9C05-2E838C3443ED}.Release|Any CPU.ActiveCfg = Release|Any CPU
		{8AC43307-B85E-46EB-9C05-2E838C3443ED}.Release|Any CPU.Build.0 = Release|Any CPU
	EndGlobalSection
	GlobalSection(SolutionProperties) = preSolution
		HideSolutionNode = FALSE
	EndGlobalSection
	GlobalSection(ExtensibilityGlobals) = postSolution
		SolutionGuid = {52DF0CBF-ACD4-43E7-BFD4-C4D4E7BC633F}
	EndGlobalSection
EndGlobal
